
Microsoft Visual Studio Solution File, Format Version 12.00
# Visual Studio Version 17
VisualStudioVersion = 17.4.33205.214
MinimumVisualStudioVersion = 10.0.40219.1
Project("{9A19103F-16F7-4668-BE54-9A1E7A4F7556}") = "WakuLive", "WakuLive\WakuLive.csproj", "{09E759EE-17DE-4F1F-9BBB-A75011FCFA26}"
EndProject
Project("{9A19103F-16F7-4668-BE54-9A1E7A4F7556}") = "WakuLive.Core", "WakuLive.Core\WakuLive.Core.csproj", "{3F82128E-DC85-43D7-82FB-1D7A9A3073F8}"
EndProject
Project("{9A19103F-16F7-4668-BE54-9A1E7A4F7556}") = "WakuLive.Test", "WakuLive.Test\WakuLive.Test.csproj", "{5325F130-B624-4914-AFD7-4A672214D262}"
EndProject
Project("{9A19103F-16F7-4668-BE54-9A1E7A4F7556}") = "WakuLive.Core.Test", "WakuLive.Core.Test\WakuLive.Core.Test.csproj", "{084A5176-A4AA-4FD1-BFC2-320CF7662E69}"
EndProject
Global
	GlobalSection(SolutionConfigurationPlatforms) = preSolution
		Debug|Any CPU = Debug|Any CPU
		Release|Any CPU = Release|Any CPU
	EndGlobalSection
	GlobalSection(ProjectConfigurationPlatforms) = postSolution
		{09E759EE-17DE-4F1F-9BBB-A75011FCFA26}.Debug|Any CPU.ActiveCfg = Debug|Any CPU
		{09E759EE-17DE-4F1F-9BBB-A75011FCFA26}.Debug|Any CPU.Build.0 = Debug|Any CPU
		{09E759EE-17DE-4F1F-9BBB-A75011FCFA26}.Release|Any CPU.ActiveCfg = Release|Any CPU
		{09E759EE-17DE-4F1F-9BBB-A75011FCFA26}.Release|Any CPU.Build.0 = Release|Any CPU
		{3F82128E-DC85-43D7-82FB-1D7A9A3073F8}.Debug|Any CPU.ActiveCfg = Debug|Any CPU
		{3F82128E-DC85-43D7-82FB-1D7A9A3073F8}.Debug|Any CPU.Build.0 = Debug|Any CPU
		{3F82128E-DC85-43D7-82FB-1D7A9A3073F8}.Release|Any CPU.ActiveCfg = Release|Any CPU
		{3F82128E-DC85-43D7-82FB-1D7A9A3073F8}.Release|Any CPU.Build.0 = Release|Any CPU
		{5325F130-B624-4914-AFD7-4A672214D262}.Debug|Any CPU.ActiveCfg = Debug|Any CPU
		{5325F130-B624-4914-AFD7-4A672214D262}.Debug|Any CPU.Build.0 = Debug|Any CPU
		{5325F130-B624-4914-AFD7-4A672214D262}.Release|Any CPU.ActiveCfg = Release|Any CPU
		{5325F130-B624-4914-AFD7-4A672214D262}.Release|Any CPU.Build.0 = Release|Any CPU
		{084A5176-A4AA-4FD1-BFC2-320CF7662E69}.Debug|Any CPU.ActiveCfg = Debug|Any CPU
		{084A5176-A4AA-4FD1-BFC2-320CF7662E69}.Debug|Any CPU.Build.0 = Debug|Any CPU
		{084A5176-A4AA-4FD1-BFC2-320CF7662E69}.Release|Any CPU.ActiveCfg = Release|Any CPU
		{084A5176-A4AA-4FD1-BFC2-320CF7662E69}.Release|Any CPU.Build.0 = Release|Any CPU
	EndGlobalSection
	GlobalSection(SolutionProperties) = preSolution
		HideSolutionNode = FALSE
	EndGlobalSection
	GlobalSection(ExtensibilityGlobals) = postSolution
		SolutionGuid = {310BC0F6-395B-4E7F-9D48-A323B927C7A0}
	EndGlobalSection
EndGlobal
